
Microsoft Visual Studio Solution File, Format Version 12.00
# Visual Studio Version 16
VisualStudioVersion = 16.0.29403.142
MinimumVisualStudioVersion = 10.0.40219.1
Project("{FAE04EC0-301F-11D3-BF4B-00C04F79EFBC}") = "PruningRadixTrie", "PruningRadixTrie\PruningRadixTrie.csproj", "{1E6B319A-6418-4D8F-8903-ACBE4B5970EE}"
EndProject
Global
	GlobalSection(SolutionConfigurationPlatforms) = preSolution
		Debug|Any CPU = Debug|Any CPU
		Release|Any CPU = Release|Any CPU
	EndGlobalSection
	GlobalSection(ProjectConfigurationPlatforms) = postSolution
		{1E6B319A-6418-4D8F-8903-ACBE4B5970EE}.Debug|Any CPU.ActiveCfg = Debug|Any CPU
		{1E6B319A-6418-4D8F-8903-ACBE4B5970EE}.Debug|Any CPU.Build.0 = Debug|Any CPU
		{1E6B319A-6418-4D8F-8903-ACBE4B5970EE}.Release|Any CPU.ActiveCfg = Release|Any CPU
		{1E6B319A-6418-4D8F-8903-ACBE4B5970EE}.Release|Any CPU.Build.0 = Release|Any CPU
	EndGlobalSection
	GlobalSection(SolutionProperties) = preSolution
		HideSolutionNode = FALSE
	EndGlobalSection
	GlobalSection(ExtensibilityGlobals) = postSolution
		SolutionGuid = {10CAFE50-EF87-41FD-8CDE-4E9F6506ADF9}
	EndGlobalSection
EndGlobal
